
Microsoft Visual Studio Solution File, Format Version 12.00
# Visual Studio Version 17
VisualStudioVersion = 17.2.32616.157
MinimumVisualStudioVersion = 10.0.40219.1
Project("{FAE04EC0-301F-11D3-BF4B-00C04F79EFBC}") = "FlappyBirdGame", "FlappyBirdGame\FlappyBirdGame.csproj", "{1C14E180-E389-478D-A3B4-8A56BFFD72D0}"
EndProject
Global
	GlobalSection(SolutionConfigurationPlatforms) = preSolution
		Debug|Any CPU = Debug|Any CPU
		Release|Any CPU = Release|Any CPU
	EndGlobalSection
	GlobalSection(ProjectConfigurationPlatforms) = postSolution
		{1C14E180-E389-478D-A3B4-8A56BFFD72D0}.Debug|Any CPU.ActiveCfg = Debug|Any CPU
		{1C14E180-E389-478D-A3B4-8A56BFFD72D0}.Debug|Any CPU.Build.0 = Debug|Any CPU
		{1C14E180-E389-478D-A3B4-8A56BFFD72D0}.Release|Any CPU.ActiveCfg = Release|Any CPU
		{1C14E180-E389-478D-A3B4-8A56BFFD72D0}.Release|Any CPU.Build.0 = Release|Any CPU
	EndGlobalSection
	GlobalSection(SolutionProperties) = preSolution
		HideSolutionNode = FALSE
	EndGlobalSection
	GlobalSection(ExtensibilityGlobals) = postSolution
		SolutionGuid = {06CD1F85-9889-474D-97BC-A841B9A66428}
	EndGlobalSection
EndGlobal
